
Microsoft Visual Studio Solution File, Format Version 12.00
# Visual Studio 14
VisualStudioVersion = 14.0.25123.0
MinimumVisualStudioVersion = 10.0.40219.1
Project("{FAE04EC0-301F-11D3-BF4B-00C04F79EFBC}") = "AGR.Droid", "AGR\AGR.Droid\AGR.Droid.csproj", "{A2029CCA-0145-4084-8761-73A7024F16B2}"
EndProject
Project("{FAE04EC0-301F-11D3-BF4B-00C04F79EFBC}") = "AGR.iOS", "AGR\AGR.iOS\AGR.iOS.csproj", "{481DF474-7AFC-48E8-8C8C-6FB2ADF18CBF}"
EndProject
Project("{FAE04EC0-301F-11D3-BF4B-00C04F79EFBC}") = "AGR", "AGR\AGR\AGR.csproj", "{E4173228-F333-4C73-9509-8D6F36E43B7B}"
EndProject
Project("{FAE04EC0-301F-11D3-BF4B-00C04F79EFBC}") = "AGR.Entidade", "AGR.Entidade\AGR.Entidade.csproj", "{D67BA1B6-D4E8-414E-A28F-A652B79E3155}"
EndProject
Project("{FAE04EC0-301F-11D3-BF4B-00C04F79EFBC}") = "AGR.Data", "AGR.Data\AGR.Data.csproj", "{FEE7054E-5366-4423-8387-236D50308E92}"
EndProject
Global
	GlobalSection(SolutionConfigurationPlatforms) = preSolution
		Ad-Hoc|Any CPU = Ad-Hoc|Any CPU
		Ad-Hoc|iPhone = Ad-Hoc|iPhone
		Ad-Hoc|iPhoneSimulator = Ad-Hoc|iPhoneSimulator
		AppStore|Any CPU = AppStore|Any CPU
		AppStore|iPhone = AppStore|iPhone
		AppStore|iPhoneSimulator = AppStore|iPhoneSimulator
		Debug|Any CPU = Debug|Any CPU
		Debug|iPhone = Debug|iPhone
		Debug|iPhoneSimulator = Debug|iPhoneSimulator
		Release|Any CPU = Release|Any CPU
		Release|iPhone = Release|iPhone
		Release|iPhoneSimulator = Release|iPhoneSimulator
	EndGlobalSection
	GlobalSection(ProjectConfigurationPlatforms) = postSolution
		{A2029CCA-0145-4084-8761-73A7024F16B2}.Ad-Hoc|Any CPU.ActiveCfg = Release|Any CPU
		{A2029CCA-0145-4084-8761-73A7024F16B2}.Ad-Hoc|Any CPU.Build.0 = Release|Any CPU
		{A2029CCA-0145-4084-8761-73A7024F16B2}.Ad-Hoc|Any CPU.Deploy.0 = Release|Any CPU
		{A2029CCA-0145-4084-8761-73A7024F16B2}.Ad-Hoc|iPhone.ActiveCfg = Release|Any CPU
		{A2029CCA-0145-4084-8761-73A7024F16B2}.Ad-Hoc|iPhone.Build.0 = Release|Any CPU
		{A2029CCA-0145-4084-8761-73A7024F16B2}.Ad-Hoc|iPhone.Deploy.0 = Release|Any CPU
		{A2029CCA-0145-4084-8761-73A7024F16B2}.Ad-Hoc|iPhoneSimulator.ActiveCfg = Release|Any CPU
		{A2029CCA-0145-4084-8761-73A7024F16B2}.Ad-Hoc|iPhoneSimulator.Build.0 = Release|Any CPU
		{A2029CCA-0145-4084-8761-73A7024F16B2}.Ad-Hoc|iPhoneSimulator.Deploy.0 = Release|Any CPU
		{A2029CCA-0145-4084-8761-73A7024F16B2}.AppStore|Any CPU.ActiveCfg = Release|Any CPU
		{A2029CCA-0145-4084-8761-73A7024F16B2}.AppStore|Any CPU.Build.0 = Release|Any CPU
		{A2029CCA-0145-4084-8761-73A7024F16B2}.AppStore|Any CPU.Deploy.0 = Release|Any CPU
		{A2029CCA-0145-4084-8761-73A7024F16B2}.AppStore|iPhone.ActiveCfg = Release|Any CPU
		{A2029CCA-0145-4084-8761-73A7024F16B2}.AppStore|iPhone.Build.0 = Release|Any CPU
		{A2029CCA-0145-4084-8761-73A7024F16B2}.AppStore|iPhone.Deploy.0 = Release|Any CPU
		{A2029CCA-0145-4084-8761-73A7024F16B2}.AppStore|iPhoneSimulator.ActiveCfg = Release|Any CPU
		{A2029CCA-0145-4084-8761-73A7024F16B2}.AppStore|iPhoneSimulator.Build.0 = Release|Any CPU
		{A2029CCA-0145-4084-8761-73A7024F16B2}.AppStore|iPhoneSimulator.Deploy.0 = Release|Any CPU
		{A2029CCA-0145-4084-8761-73A7024F16B2}.Debug|Any CPU.ActiveCfg = Debug|Any CPU
		{A2029CCA-0145-4084-8761-73A7024F16B2}.Debug|Any CPU.Build.0 = Debug|Any CPU
		{A2029CCA-0145-4084-8761-73A7024F16B2}.Debug|Any CPU.Deploy.0 = Debug|Any CPU
		{A2029CCA-0145-4084-8761-73A7024F16B2}.Debug|iPhone.ActiveCfg = Debug|Any CPU
		{A2029CCA-0145-4084-8761-73A7024F16B2}.Debug|iPhone.Build.0 = Debug|Any CPU
		{A2029CCA-0145-4084-8761-73A7024F16B2}.Debug|iPhone.Deploy.0 = Debug|Any CPU
		{A2029CCA-0145-4084-8761-73A7024F16B2}.Debug|iPhoneSimulator.ActiveCfg = Debug|Any CPU
		{A2029CCA-0145-4084-8761-73A7024F16B2}.Debug|iPhoneSimulator.Build.0 = Debug|Any CPU
		{A2029CCA-0145-4084-8761-73A7024F16B2}.Debug|iPhoneSimulator.Deploy.0 = Debug|Any CPU
		{A2029CCA-0145-4084-8761-73A7024F16B2}.Release|Any CPU.ActiveCfg = Release|Any CPU
		{A2029CCA-0145-4084-8761-73A7024F16B2}.Release|Any CPU.Build.0 = Release|Any CPU
		{A2029CCA-0145-4084-8761-73A7024F16B2}.Release|Any CPU.Deploy.0 = Release|Any CPU
		{A2029CCA-0145-4084-8761-73A7024F16B2}.Release|iPhone.ActiveCfg = Release|Any CPU
		{A2029CCA-0145-4084-8761-73A7024F16B2}.Release|iPhone.Build.0 = Release|Any CPU
		{A2029CCA-0145-4084-8761-73A7024F16B2}.Release|iPhone.Deploy.0 = Release|Any CPU
		{A2029CCA-0145-4084-8761-73A7024F16B2}.Release|iPhoneSimulator.ActiveCfg = Release|Any CPU
		{A2029CCA-0145-4084-8761-73A7024F16B2}.Release|iPhoneSimulator.Build.0 = Release|Any CPU
		{A2029CCA-0145-4084-8761-73A7024F16B2}.Release|iPhoneSimulator.Deploy.0 = Release|Any CPU
		{481DF474-7AFC-48E8-8C8C-6FB2ADF18CBF}.Ad-Hoc|Any CPU.ActiveCfg = Ad-Hoc|iPhone
		{481DF474-7AFC-48E8-8C8C-6FB2ADF18CBF}.Ad-Hoc|iPhone.ActiveCfg = Ad-Hoc|iPhone
		{481DF474-7AFC-48E8-8C8C-6FB2ADF18CBF}.Ad-Hoc|iPhone.Build.0 = Ad-Hoc|iPhone
		{481DF474-7AFC-48E8-8C8C-6FB2ADF18CBF}.Ad-Hoc|iPhoneSimulator.ActiveCfg = Ad-Hoc|iPhoneSimulator
		{481DF474-7AFC-48E8-8C8C-6FB2ADF18CBF}.Ad-Hoc|iPhoneSimulator.Build.0 = Ad-Hoc|iPhoneSimulator
		{481DF474-7AFC-48E8-8C8C-6FB2ADF18CBF}.AppStore|Any CPU.ActiveCfg = AppStore|iPhone
		{481DF474-7AFC-48E8-8C8C-6FB2ADF18CBF}.AppStore|iPhone.ActiveCfg = AppStore|iPhone
		{481DF474-7AFC-48E8-8C8C-6FB2ADF18CBF}.AppStore|iPhone.Build.0 = AppStore|iPhone
		{481DF474-7AFC-48E8-8C8C-6FB2ADF18CBF}.AppStore|iPhoneSimulator.ActiveCfg = AppStore|iPhoneSimulator
		{481DF474-7AFC-48E8-8C8C-6FB2ADF18CBF}.AppStore|iPhoneSimulator.Build.0 = AppStore|iPhoneSimulator
		{481DF474-7AFC-48E8-8C8C-6FB2ADF18CBF}.Debug|Any CPU.ActiveCfg = Debug|iPhone
		{481DF474-7AFC-48E8-8C8C-6FB2ADF18CBF}.Debug|iPhone.ActiveCfg = Debug|iPhone
		{481DF474-7AFC-48E8-8C8C-6FB2ADF18CBF}.Debug|iPhone.Build.0 = Debug|iPhone
		{481DF474-7AFC-48E8-8C8C-6FB2ADF18CBF}.Debug|iPhoneSimulator.ActiveCfg = Debug|iPhoneSimulator
		{481DF474-7AFC-48E8-8C8C-6FB2ADF18CBF}.Debug|iPhoneSimulator.Build.0 = Debug|iPhoneSimulator
		{481DF474-7AFC-48E8-8C8C-6FB2ADF18CBF}.Release|Any CPU.ActiveCfg = Release|iPhone
		{481DF474-7AFC-48E8-8C8C-6FB2ADF18CBF}.Release|iPhone.ActiveCfg = Release|iPhone
		{481DF474-7AFC-48E8-8C8C-6FB2ADF18CBF}.Release|iPhone.Build.0 = Release|iPhone
		{481DF474-7AFC-48E8-8C8C-6FB2ADF18CBF}.Release|iPhoneSimulator.ActiveCfg = Release|iPhoneSimulator
		{481DF474-7AFC-48E8-8C8C-6FB2ADF18CBF}.Release|iPhoneSimulator.Build.0 = Release|iPhoneSimulator
		{E4173228-F333-4C73-9509-8D6F36E43B7B}.Ad-Hoc|Any CPU.ActiveCfg = Release|Any CPU
		{E4173228-F333-4C73-9509-8D6F36E43B7B}.Ad-Hoc|Any CPU.Build.0 = Release|Any CPU
		{E4173228-F333-4C73-9509-8D6F36E43B7B}.Ad-Hoc|iPhone.ActiveCfg = Release|Any CPU
		{E4173228-F333-4C73-9509-8D6F36E43B7B}.Ad-Hoc|iPhone.Build.0 = Release|Any CPU
		{E4173228-F333-4C73-9509-8D6F36E43B7B}.Ad-Hoc|iPhoneSimulator.ActiveCfg = Release|Any CPU
		{E4173228-F333-4C73-9509-8D6F36E43B7B}.Ad-Hoc|iPhoneSimulator.Build.0 = Release|Any CPU
		{E4173228-F333-4C73-9509-8D6F36E43B7B}.AppStore|Any CPU.ActiveCfg = Release|Any CPU
		{E4173228-F333-4C73-9509-8D6F36E43B7B}.AppStore|Any CPU.Build.0 = Release|Any CPU
		{E4173228-F333-4C73-9509-8D6F36E43B7B}.AppStore|iPhone.ActiveCfg = Release|Any CPU
		{E4173228-F333-4C73-9509-8D6F36E43B7B}.AppStore|iPhone.Build.0 = Release|Any CPU
		{E4173228-F333-4C73-9509-8D6F36E43B7B}.AppStore|iPhoneSimulator.ActiveCfg = Release|Any CPU
		{E4173228-F333-4C73-9509-8D6F36E43B7B}.AppStore|iPhoneSimulator.Build.0 = Release|Any CPU
		{E4173228-F333-4C73-9509-8D6F36E43B7B}.Debug|Any CPU.ActiveCfg = Debug|Any CPU
		{E4173228-F333-4C73-9509-8D6F36E43B7B}.Debug|Any CPU.Build.0 = Debug|Any CPU
		{E4173228-F333-4C73-9509-8D6F36E43B7B}.Debug|iPhone.ActiveCfg = Debug|Any CPU
		{E4173228-F333-4C73-9509-8D6F36E43B7B}.Debug|iPhone.Build.0 = Debug|Any CPU
		{E4173228-F333-4C73-9509-8D6F36E43B7B}.Debug|iPhoneSimulator.ActiveCfg = Debug|Any CPU
		{E4173228-F333-4C73-9509-8D6F36E43B7B}.Debug|iPhoneSimulator.Build.0 = Debug|Any CPU
		{E4173228-F333-4C73-9509-8D6F36E43B7B}.Release|Any CPU.ActiveCfg = Release|Any CPU
		{E4173228-F333-4C73-9509-8D6F36E43B7B}.Release|Any CPU.Build.0 = Release|Any CPU
		{E4173228-F333-4C73-9509-8D6F36E43B7B}.Release|iPhone.ActiveCfg = Release|Any CPU
		{E4173228-F333-4C73-9509-8D6F36E43B7B}.Release|iPhone.Build.0 = Release|Any CPU
		{E4173228-F333-4C73-9509-8D6F36E43B7B}.Release|iPhoneSimulator.ActiveCfg = Release|Any CPU
		{E4173228-F333-4C73-9509-8D6F36E43B7B}.Release|iPhoneSimulator.Build.0 = Release|Any CPU
		{D67BA1B6-D4E8-414E-A28F-A652B79E3155}.Ad-Hoc|Any CPU.ActiveCfg = Release|Any CPU
		{D67BA1B6-D4E8-414E-A28F-A652B79E3155}.Ad-Hoc|Any CPU.Build.0 = Release|Any CPU
		{D67BA1B6-D4E8-414E-A28F-A652B79E3155}.Ad-Hoc|iPhone.ActiveCfg = Release|Any CPU
		{D67BA1B6-D4E8-414E-A28F-A652B79E3155}.Ad-Hoc|iPhone.Build.0 = Release|Any CPU
		{D67BA1B6-D4E8-414E-A28F-A652B79E3155}.Ad-Hoc|iPhoneSimulator.ActiveCfg = Release|Any CPU
		{D67BA1B6-D4E8-414E-A28F-A652B79E3155}.Ad-Hoc|iPhoneSimulator.Build.0 = Release|Any CPU
		{D67BA1B6-D4E8-414E-A28F-A652B79E3155}.AppStore|Any CPU.ActiveCfg = Release|Any CPU
		{D67BA1B6-D4E8-414E-A28F-A652B79E3155}.AppStore|Any CPU.Build.0 = Release|Any CPU
		{D67BA1B6-D4E8-414E-A28F-A652B79E3155}.AppStore|iPhone.ActiveCfg = Release|Any CPU
		{D67BA1B6-D4E8-414E-A28F-A652B79E3155}.AppStore|iPhone.Build.0 = Release|Any CPU
		{D67BA1B6-D4E8-414E-A28F-A652B79E3155}.AppStore|iPhoneSimulator.ActiveCfg = Release|Any CPU
		{D67BA1B6-D4E8-414E-A28F-A652B79E3155}.AppStore|iPhoneSimulator.Build.0 = Release|Any CPU
		{D67BA1B6-D4E8-414E-A28F-A652B79E3155}.Debug|Any CPU.ActiveCfg = Debug|Any CPU
		{D67BA1B6-D4E8-414E-A28F-A652B79E3155}.Debug|Any CPU.Build.0 = Debug|Any CPU
		{D67BA1B6-D4E8-414E-A28F-A652B79E3155}.Debug|iPhone.ActiveCfg = Debug|Any CPU
		{D67BA1B6-D4E8-414E-A28F-A652B79E3155}.Debug|iPhone.Build.0 = Debug|Any CPU
		{D67BA1B6-D4E8-414E-A28F-A652B79E3155}.Debug|iPhoneSimulator.ActiveCfg = Debug|Any CPU
		{D67BA1B6-D4E8-414E-A28F-A652B79E3155}.Debug|iPhoneSimulator.Build.0 = Debug|Any CPU
		{D67BA1B6-D4E8-414E-A28F-A652B79E3155}.Release|Any CPU.ActiveCfg = Release|Any CPU
		{D67BA1B6-D4E8-414E-A28F-A652B79E3155}.Release|Any CPU.Build.0 = Release|Any CPU
		{D67BA1B6-D4E8-414E-A28F-A652B79E3155}.Release|iPhone.ActiveCfg = Release|Any CPU
		{D67BA1B6-D4E8-414E-A28F-A652B79E3155}.Release|iPhone.Build.0 = Release|Any CPU
		{D67BA1B6-D4E8-414E-A28F-A652B79E3155}.Release|iPhoneSimulator.ActiveCfg = Release|Any CPU
		{D67BA1B6-D4E8-414E-A28F-A652B79E3155}.Release|iPhoneSimulator.Build.0 = Release|Any CPU
		{FEE7054E-5366-4423-8387-236D50308E92}.Ad-Hoc|Any CPU.ActiveCfg = Release|Any CPU
		{FEE7054E-5366-4423-8387-236D50308E92}.Ad-Hoc|Any CPU.Build.0 = Release|Any CPU
		{FEE7054E-5366-4423-8387-236D50308E92}.Ad-Hoc|iPhone.ActiveCfg = Release|Any CPU
		{FEE7054E-5366-4423-8387-236D50308E92}.Ad-Hoc|iPhone.Build.0 = Release|Any CPU
		{FEE7054E-5366-4423-8387-236D50308E92}.Ad-Hoc|iPhoneSimulator.ActiveCfg = Release|Any CPU
		{FEE7054E-5366-4423-8387-236D50308E92}.Ad-Hoc|iPhoneSimulator.Build.0 = Release|Any CPU
		{FEE7054E-5366-4423-8387-236D50308E92}.AppStore|Any CPU.ActiveCfg = Release|Any CPU
		{FEE7054E-5366-4423-8387-236D50308E92}.AppStore|Any CPU.Build.0 = Release|Any CPU
		{FEE7054E-5366-4423-8387-236D50308E92}.AppStore|iPhone.ActiveCfg = Release|Any CPU
		{FEE7054E-5366-4423-8387-236D50308E92}.AppStore|iPhone.Build.0 = Release|Any CPU
		{FEE7054E-5366-4423-8387-236D50308E92}.AppStore|iPhoneSimulator.ActiveCfg = Release|Any CPU
		{FEE7054E-5366-4423-8387-236D50308E92}.AppStore|iPhoneSimulator.Build.0 = Release|Any CPU
		{FEE7054E-5366-4423-8387-236D50308E92}.Debug|Any CPU.ActiveCfg = Debug|Any CPU
		{FEE7054E-5366-4423-8387-236D50308E92}.Debug|Any CPU.Build.0 = Debug|Any CPU
		{FEE7054E-5366-4423-8387-236D50308E92}.Debug|iPhone.ActiveCfg = Debug|Any CPU
		{FEE7054E-5366-4423-8387-236D50308E92}.Debug|iPhone.Build.0 = Debug|Any CPU
		{FEE7054E-5366-4423-8387-236D50308E92}.Debug|iPhoneSimulator.ActiveCfg = Debug|Any CPU
		{FEE7054E-5366-4423-8387-236D50308E92}.Debug|iPhoneSimulator.Build.0 = Debug|Any CPU
		{FEE7054E-5366-4423-8387-236D50308E92}.Release|Any CPU.ActiveCfg = Release|Any CPU
		{FEE7054E-5366-4423-8387-236D50308E92}.Release|Any CPU.Build.0 = Release|Any CPU
		{FEE7054E-5366-4423-8387-236D50308E92}.Release|iPhone.ActiveCfg = Release|Any CPU
		{FEE7054E-5366-4423-8387-236D50308E92}.Release|iPhone.Build.0 = Release|Any CPU
		{FEE7054E-5366-4423-8387-236D50308E92}.Release|iPhoneSimulator.ActiveCfg = Release|Any CPU
		{FEE7054E-5366-4423-8387-236D50308E92}.Release|iPhoneSimulator.Build.0 = Release|Any CPU
	EndGlobalSection
	GlobalSection(SolutionProperties) = preSolution
		HideSolutionNode = FALSE
	EndGlobalSection
EndGlobal
